
Microsoft Visual Studio Solution File, Format Version 12.00
# Visual Studio 2013
VisualStudioVersion = 12.0.40629.0
MinimumVisualStudioVersion = 10.0.40219.1
Project("{FAE04EC0-301F-11D3-BF4B-00C04F79EFBC}") = "LibCrud", "LibCrud\LibCrud.csproj", "{27638981-21A8-447D-8F8A-73DCED59D12F}"
EndProject
Project("{FAE04EC0-301F-11D3-BF4B-00C04F79EFBC}") = "CrudSharp", "CrudSharp\CrudSharp.csproj", "{59ADA647-9D08-446D-A832-1753F3F8A24A}"
EndProject
Project("{2150E333-8FDC-42A3-9474-1A3956D46DE8}") = ".nuget", ".nuget", "{DFBFA8FF-FB86-4851-A625-6A03593AA922}"
	ProjectSection(SolutionItems) = preProject
		.nuget\packages.config = .nuget\packages.config
	EndProjectSection
EndProject
Global
	GlobalSection(SolutionConfigurationPlatforms) = preSolution
		Debug|Any CPU = Debug|Any CPU
		Release|Any CPU = Release|Any CPU
	EndGlobalSection
	GlobalSection(ProjectConfigurationPlatforms) = postSolution
		{27638981-21A8-447D-8F8A-73DCED59D12F}.Debug|Any CPU.ActiveCfg = Debug|Any CPU
		{27638981-21A8-447D-8F8A-73DCED59D12F}.Debug|Any CPU.Build.0 = Debug|Any CPU
		{27638981-21A8-447D-8F8A-73DCED59D12F}.Release|Any CPU.ActiveCfg = Release|Any CPU
		{27638981-21A8-447D-8F8A-73DCED59D12F}.Release|Any CPU.Build.0 = Release|Any CPU
		{59ADA647-9D08-446D-A832-1753F3F8A24A}.Debug|Any CPU.ActiveCfg = Debug|Any CPU
		{59ADA647-9D08-446D-A832-1753F3F8A24A}.Debug|Any CPU.Build.0 = Debug|Any CPU
		{59ADA647-9D08-446D-A832-1753F3F8A24A}.Release|Any CPU.ActiveCfg = Release|Any CPU
		{59ADA647-9D08-446D-A832-1753F3F8A24A}.Release|Any CPU.Build.0 = Release|Any CPU
	EndGlobalSection
	GlobalSection(SolutionProperties) = preSolution
		HideSolutionNode = FALSE
	EndGlobalSection
EndGlobal
